// !$*UTF8*$!
{
	archiveVersion = 1;
	classes = {
	};
	objectVersion = 46;
	objects = {

/* Begin PBXBuildFile section */
		4318AD6918D50D0500D513A5 /* SetLocationViewController.m in Sources */ = {isa = PBXBuildFile; fileRef = 4318AD6818D50D0500D513A5 /* SetLocationViewController.m */; };
		4326AA3218CA998E008ED1E2 /* AssetsLibrary.framework in Frameworks */ = {isa = PBXBuildFile; fileRef = 4326AA3118CA998E008ED1E2 /* AssetsLibrary.framework */; };
		433E4E9118AB1D5C003FC9AA /* TripJournalCollectionViewController.m in Sources */ = {isa = PBXBuildFile; fileRef = 433E4E9018AB1D5C003FC9AA /* TripJournalCollectionViewController.m */; };
		433E4EAA18AB2668003FC9AA /* TripCollectionViewController.m in Sources */ = {isa = PBXBuildFile; fileRef = 433E4EA918AB2668003FC9AA /* TripCollectionViewController.m */; };
		433E4EAD18AB34B1003FC9AA /* PlacesCollectionViewController.m in Sources */ = {isa = PBXBuildFile; fileRef = 433E4EAC18AB34B1003FC9AA /* PlacesCollectionViewController.m */; };
		433E4EB018AB5540003FC9AA /* TripCollectionHeaderView.m in Sources */ = {isa = PBXBuildFile; fileRef = 433E4EAF18AB5540003FC9AA /* TripCollectionHeaderView.m */; };
		433E4EB318AB5D0C003FC9AA /* JournalCollectionHeaderView.m in Sources */ = {isa = PBXBuildFile; fileRef = 433E4EB218AB5D0C003FC9AA /* JournalCollectionHeaderView.m */; };
		433E4EB618AB5E97003FC9AA /* MyAnnotation.m in Sources */ = {isa = PBXBuildFile; fileRef = 433E4EB518AB5E97003FC9AA /* MyAnnotation.m */; };
		433E4EB818AB5ECC003FC9AA /* MapKit.framework in Frameworks */ = {isa = PBXBuildFile; fileRef = 433E4EB718AB5ECC003FC9AA /* MapKit.framework */; };
		433E4EBA18AB5ED4003FC9AA /* CoreLocation.framework in Frameworks */ = {isa = PBXBuildFile; fileRef = 433E4EB918AB5ED4003FC9AA /* CoreLocation.framework */; };
		434DBFE11958C2AC001DCF00 /* FeedbackViewController.m in Sources */ = {isa = PBXBuildFile; fileRef = 434DBFE01958C2AC001DCF00 /* FeedbackViewController.m */; };
		434DBFE4195E4117001DCF00 /* NewTripViewController.m in Sources */ = {isa = PBXBuildFile; fileRef = 434DBFE3195E4117001DCF00 /* NewTripViewController.m */; };
		434DBFE7195E412F001DCF00 /* NewPlaceViewController.m in Sources */ = {isa = PBXBuildFile; fileRef = 434DBFE6195E412F001DCF00 /* NewPlaceViewController.m */; };
		4358535819083C7000C1A3A9 /* ELCAlbumPickerController.m in Sources */ = {isa = PBXBuildFile; fileRef = 4358534719083C7000C1A3A9 /* ELCAlbumPickerController.m */; };
		4358535919083C7000C1A3A9 /* ELCAsset.m in Sources */ = {isa = PBXBuildFile; fileRef = 4358534919083C7000C1A3A9 /* ELCAsset.m */; };
		4358535A19083C7000C1A3A9 /* ELCAssetCell.m in Sources */ = {isa = PBXBuildFile; fileRef = 4358534B19083C7000C1A3A9 /* ELCAssetCell.m */; };
		4358535B19083C7000C1A3A9 /* ELCAssetTablePicker.m in Sources */ = {isa = PBXBuildFile; fileRef = 4358534F19083C7000C1A3A9 /* ELCAssetTablePicker.m */; };
		4358535C19083C7000C1A3A9 /* ELCImagePickerController.m in Sources */ = {isa = PBXBuildFile; fileRef = 4358535119083C7000C1A3A9 /* ELCImagePickerController.m */; };
		4358535D19083C7000C1A3A9 /* ELCAlbumPickerController.xib in Resources */ = {isa = PBXBuildFile; fileRef = 4358535319083C7000C1A3A9 /* ELCAlbumPickerController.xib */; };
		4358535E19083C7000C1A3A9 /* ELCAssetPicker.xib in Resources */ = {isa = PBXBuildFile; fileRef = 4358535419083C7000C1A3A9 /* ELCAssetPicker.xib */; };
		4358535F19083C7000C1A3A9 /* ELCAssetTablePicker.xib in Resources */ = {isa = PBXBuildFile; fileRef = 4358535519083C7000C1A3A9 /* ELCAssetTablePicker.xib */; };
		4358536019083C7000C1A3A9 /* Overlay.png in Resources */ = {isa = PBXBuildFile; fileRef = 4358535619083C7000C1A3A9 /* Overlay.png */; };
		4358536119083C7000C1A3A9 /* Overlay@2x.png in Resources */ = {isa = PBXBuildFile; fileRef = 4358535719083C7000C1A3A9 /* Overlay@2x.png */; };
		4358536319083D6900C1A3A9 /* README.md in Resources */ = {isa = PBXBuildFile; fileRef = 4358536219083D6900C1A3A9 /* README.md */; };
		436E8BB31978694D00B2F923 /* libGoogleAnalyticsServices.a in Frameworks */ = {isa = PBXBuildFile; fileRef = 436E8BB21978694D00B2F923 /* libGoogleAnalyticsServices.a */; };
		436E8BB51978699E00B2F923 /* AdSupport.framework in Frameworks */ = {isa = PBXBuildFile; fileRef = 436E8BB41978699E00B2F923 /* AdSupport.framework */; };
		436E8BB7197869A900B2F923 /* CoreData.framework in Frameworks */ = {isa = PBXBuildFile; fileRef = 436E8BB6197869A900B2F923 /* CoreData.framework */; };
		436E8BB9197869B400B2F923 /* SystemConfiguration.framework in Frameworks */ = {isa = PBXBuildFile; fileRef = 436E8BB8197869B400B2F923 /* SystemConfiguration.framework */; };
		4370B7F61898D38F00907C5D /* Foundation.framework in Frameworks */ = {isa = PBXBuildFile; fileRef = 4370B7F51898D38F00907C5D /* Foundation.framework */; };
		4370B7F81898D38F00907C5D /* CoreGraphics.framework in Frameworks */ = {isa = PBXBuildFile; fileRef = 4370B7F71898D38F00907C5D /* CoreGraphics.framework */; };
		4370B7FA1898D38F00907C5D /* UIKit.framework in Frameworks */ = {isa = PBXBuildFile; fileRef = 4370B7F91898D38F00907C5D /* UIKit.framework */; };
		4370B8001898D38F00907C5D /* InfoPlist.strings in Resources */ = {isa = PBXBuildFile; fileRef = 4370B7FE1898D38F00907C5D /* InfoPlist.strings */; };
		4370B8021898D38F00907C5D /* main.m in Sources */ = {isa = PBXBuildFile; fileRef = 4370B8011898D38F00907C5D /* main.m */; };
		4370B8061898D38F00907C5D /* TripJournalAppDelegate.m in Sources */ = {isa = PBXBuildFile; fileRef = 4370B8051898D38F00907C5D /* TripJournalAppDelegate.m */; };
		4370B8091898D38F00907C5D /* Main.storyboard in Resources */ = {isa = PBXBuildFile; fileRef = 4370B8071898D38F00907C5D /* Main.storyboard */; };
		4370B80E1898D38F00907C5D /* Images.xcassets in Resources */ = {isa = PBXBuildFile; fileRef = 4370B80D1898D38F00907C5D /* Images.xcassets */; };
		4370B8151898D38F00907C5D /* XCTest.framework in Frameworks */ = {isa = PBXBuildFile; fileRef = 4370B8141898D38F00907C5D /* XCTest.framework */; };
		4370B8161898D38F00907C5D /* Foundation.framework in Frameworks */ = {isa = PBXBuildFile; fileRef = 4370B7F51898D38F00907C5D /* Foundation.framework */; };
		4370B8171898D38F00907C5D /* UIKit.framework in Frameworks */ = {isa = PBXBuildFile; fileRef = 4370B7F91898D38F00907C5D /* UIKit.framework */; };
		4370B81F1898D38F00907C5D /* InfoPlist.strings in Resources */ = {isa = PBXBuildFile; fileRef = 4370B81D1898D38F00907C5D /* InfoPlist.strings */; };
		4370B8211898D38F00907C5D /* TripJournalTests.m in Sources */ = {isa = PBXBuildFile; fileRef = 4370B8201898D38F00907C5D /* TripJournalTests.m */; };
		4376228E18C5597A002FD0D7 /* MobileCoreServices.framework in Frameworks */ = {isa = PBXBuildFile; fileRef = 4376228D18C5597A002FD0D7 /* MobileCoreServices.framework */; };
		439EC68518B4906E00BC6EBA /* Trip.m in Sources */ = {isa = PBXBuildFile; fileRef = 439EC68418B4906E00BC6EBA /* Trip.m */; };
		439EC68818B4B36500BC6EBA /* Place.m in Sources */ = {isa = PBXBuildFile; fileRef = 439EC68718B4B36500BC6EBA /* Place.m */; };
		439EC68B18B53F8900BC6EBA /* PlacesCollectionHeaderView.m in Sources */ = {isa = PBXBuildFile; fileRef = 439EC68A18B53F8900BC6EBA /* PlacesCollectionHeaderView.m */; };
		439EC68E18B541FF00BC6EBA /* Memory.m in Sources */ = {isa = PBXBuildFile; fileRef = 439EC68D18B541FF00BC6EBA /* Memory.m */; };
		439EC69118B582E300BC6EBA /* MemoryViewController.m in Sources */ = {isa = PBXBuildFile; fileRef = 439EC69018B582E300BC6EBA /* MemoryViewController.m */; };
		43A0A225190243F20005CEB9 /* libz.dylib in Frameworks */ = {isa = PBXBuildFile; fileRef = 43A0A224190243F20005CEB9 /* libz.dylib */; };
		43A413231902E1B900858100 /* QuickPlaceTableViewController.m in Sources */ = {isa = PBXBuildFile; fileRef = 43A413221902E1B900858100 /* QuickPlaceTableViewController.m */; };
		43A413261902E1CC00858100 /* QuickTripTableViewController.m in Sources */ = {isa = PBXBuildFile; fileRef = 43A413251902E1CC00858100 /* QuickTripTableViewController.m */; };
		43A52D211969B279000385F7 /* MessageUI.framework in Frameworks */ = {isa = PBXBuildFile; fileRef = 43A52D201969B279000385F7 /* MessageUI.framework */; };
		43A9965C18C3B56E0083F327 /* libsqlite3.dylib in Frameworks */ = {isa = PBXBuildFile; fileRef = 43A9965B18C3B56E0083F327 /* libsqlite3.dylib */; };
		43A9965F18C3BFEA0083F327 /* TripsDatabase.m in Sources */ = {isa = PBXBuildFile; fileRef = 43A9965E18C3BFEA0083F327 /* TripsDatabase.m */; };
		43B2F017190C715100A874F3 /* QuickAddViewController.m in Sources */ = {isa = PBXBuildFile; fileRef = 43B2F016190C715100A874F3 /* QuickAddViewController.m */; };
		43C952AD1921EF1D002B3CB6 /* PageCoverViewController.m in Sources */ = {isa = PBXBuildFile; fileRef = 43C952AC1921EF1D002B3CB6 /* PageCoverViewController.m */; };
/* End PBXBuildFile section */

/* Begin PBXContainerItemProxy section */
		4370B8181898D38F00907C5D /* PBXContainerItemProxy */ = {
			isa = PBXContainerItemProxy;
			containerPortal = 4370B7EA1898D38F00907C5D /* Project object */;
			proxyType = 1;
			remoteGlobalIDString = 4370B7F11898D38F00907C5D;
			remoteInfo = TripJournal;
		};
/* End PBXContainerItemProxy section */

/* Begin PBXFileReference section */
		4318AD6718D50D0500D513A5 /* SetLocationViewController.h */ = {isa = PBXFileReference; fileEncoding = 4; lastKnownFileType = sourcecode.c.h; path = SetLocationViewController.h; sourceTree = "<group>"; };
		4318AD6818D50D0500D513A5 /* SetLocationViewController.m */ = {isa = PBXFileReference; fileEncoding = 4; lastKnownFileType = sourcecode.c.objc; lineEnding = 0; path = SetLocationViewController.m; sourceTree = "<group>"; xcLanguageSpecificationIdentifier = xcode.lang.objc; };
		4326AA3118CA998E008ED1E2 /* AssetsLibrary.framework */ = {isa = PBXFileReference; lastKnownFileType = wrapper.framework; name = AssetsLibrary.framework; path = System/Library/Frameworks/AssetsLibrary.framework; sourceTree = SDKROOT; };
		433E4E8F18AB1D5C003FC9AA /* TripJournalCollectionViewController.h */ = {isa = PBXFileReference; fileEncoding = 4; lastKnownFileType = sourcecode.c.h; path = TripJournalCollectionViewController.h; sourceTree = "<group>"; };
		433E4E9018AB1D5C003FC9AA /* TripJournalCollectionViewController.m */ = {isa = PBXFileReference; fileEncoding = 4; lastKnownFileType = sourcecode.c.objc; path = TripJournalCollectionViewController.m; sourceTree = "<group>"; };
		433E4EA818AB2668003FC9AA /* TripCollectionViewController.h */ = {isa = PBXFileReference; fileEncoding = 4; lastKnownFileType = sourcecode.c.h; path = TripCollectionViewController.h; sourceTree = "<group>"; };
		433E4EA918AB2668003FC9AA /* TripCollectionViewController.m */ = {isa = PBXFileReference; fileEncoding = 4; lastKnownFileType = sourcecode.c.objc; lineEnding = 0; path = TripCollectionViewController.m; sourceTree = "<group>"; xcLanguageSpecificationIdentifier = xcode.lang.objc; };
		433E4EAB18AB34B1003FC9AA /* PlacesCollectionViewController.h */ = {isa = PBXFileReference; fileEncoding = 4; lastKnownFileType = sourcecode.c.h; path = PlacesCollectionViewController.h; sourceTree = "<group>"; };
		433E4EAC18AB34B1003FC9AA /* PlacesCollectionViewController.m */ = {isa = PBXFileReference; fileEncoding = 4; lastKnownFileType = sourcecode.c.objc; lineEnding = 0; path = PlacesCollectionViewController.m; sourceTree = "<group>"; xcLanguageSpecificationIdentifier = xcode.lang.objc; };
		433E4EAE18AB5540003FC9AA /* TripCollectionHeaderView.h */ = {isa = PBXFileReference; fileEncoding = 4; lastKnownFileType = sourcecode.c.h; path = TripCollectionHeaderView.h; sourceTree = "<group>"; };
		433E4EAF18AB5540003FC9AA /* TripCollectionHeaderView.m */ = {isa = PBXFileReference; fileEncoding = 4; lastKnownFileType = sourcecode.c.objc; path = TripCollectionHeaderView.m; sourceTree = "<group>"; };
		433E4EB118AB5D0C003FC9AA /* JournalCollectionHeaderView.h */ = {isa = PBXFileReference; fileEncoding = 4; lastKnownFileType = sourcecode.c.h; path = JournalCollectionHeaderView.h; sourceTree = "<group>"; };
		433E4EB218AB5D0C003FC9AA /* JournalCollectionHeaderView.m */ = {isa = PBXFileReference; fileEncoding = 4; lastKnownFileType = sourcecode.c.objc; path = JournalCollectionHeaderView.m; sourceTree = "<group>"; };
		433E4EB418AB5E97003FC9AA /* MyAnnotation.h */ = {isa = PBXFileReference; fileEncoding = 4; lastKnownFileType = sourcecode.c.h; path = MyAnnotation.h; sourceTree = "<group>"; };
		433E4EB518AB5E97003FC9AA /* MyAnnotation.m */ = {isa = PBXFileReference; fileEncoding = 4; lastKnownFileType = sourcecode.c.objc; path = MyAnnotation.m; sourceTree = "<group>"; };
		433E4EB718AB5ECC003FC9AA /* MapKit.framework */ = {isa = PBXFileReference; lastKnownFileType = wrapper.framework; name = MapKit.framework; path = System/Library/Frameworks/MapKit.framework; sourceTree = SDKROOT; };
		433E4EB918AB5ED4003FC9AA /* CoreLocation.framework */ = {isa = PBXFileReference; lastKnownFileType = wrapper.framework; name = CoreLocation.framework; path = System/Library/Frameworks/CoreLocation.framework; sourceTree = SDKROOT; };
		434DBFDF1958C2AC001DCF00 /* FeedbackViewController.h */ = {isa = PBXFileReference; fileEncoding = 4; lastKnownFileType = sourcecode.c.h; path = FeedbackViewController.h; sourceTree = "<group>"; };
		434DBFE01958C2AC001DCF00 /* FeedbackViewController.m */ = {isa = PBXFileReference; fileEncoding = 4; lastKnownFileType = sourcecode.c.objc; lineEnding = 0; path = FeedbackViewController.m; sourceTree = "<group>"; xcLanguageSpecificationIdentifier = xcode.lang.objc; };
		434DBFE2195E4117001DCF00 /* NewTripViewController.h */ = {isa = PBXFileReference; fileEncoding = 4; lastKnownFileType = sourcecode.c.h; path = NewTripViewController.h; sourceTree = "<group>"; };
		434DBFE3195E4117001DCF00 /* NewTripViewController.m */ = {isa = PBXFileReference; fileEncoding = 4; lastKnownFileType = sourcecode.c.objc; lineEnding = 0; path = NewTripViewController.m; sourceTree = "<group>"; xcLanguageSpecificationIdentifier = xcode.lang.objc; };
		434DBFE5195E412F001DCF00 /* NewPlaceViewController.h */ = {isa = PBXFileReference; fileEncoding = 4; lastKnownFileType = sourcecode.c.h; path = NewPlaceViewController.h; sourceTree = "<group>"; };
		434DBFE6195E412F001DCF00 /* NewPlaceViewController.m */ = {isa = PBXFileReference; fileEncoding = 4; lastKnownFileType = sourcecode.c.objc; lineEnding = 0; path = NewPlaceViewController.m; sourceTree = "<group>"; xcLanguageSpecificationIdentifier = xcode.lang.objc; };
		4358534619083C7000C1A3A9 /* ELCAlbumPickerController.h */ = {isa = PBXFileReference; fileEncoding = 4; lastKnownFileType = sourcecode.c.h; path = ELCAlbumPickerController.h; sourceTree = "<group>"; };
		4358534719083C7000C1A3A9 /* ELCAlbumPickerController.m */ = {isa = PBXFileReference; fileEncoding = 4; lastKnownFileType = sourcecode.c.objc; path = ELCAlbumPickerController.m; sourceTree = "<group>"; };
		4358534819083C7000C1A3A9 /* ELCAsset.h */ = {isa = PBXFileReference; fileEncoding = 4; lastKnownFileType = sourcecode.c.h; path = ELCAsset.h; sourceTree = "<group>"; };
		4358534919083C7000C1A3A9 /* ELCAsset.m */ = {isa = PBXFileReference; fileEncoding = 4; lastKnownFileType = sourcecode.c.objc; path = ELCAsset.m; sourceTree = "<group>"; };
		4358534A19083C7000C1A3A9 /* ELCAssetCell.h */ = {isa = PBXFileReference; fileEncoding = 4; lastKnownFileType = sourcecode.c.h; path = ELCAssetCell.h; sourceTree = "<group>"; };
		4358534B19083C7000C1A3A9 /* ELCAssetCell.m */ = {isa = PBXFileReference; fileEncoding = 4; lastKnownFileType = sourcecode.c.objc; path = ELCAssetCell.m; sourceTree = "<group>"; };
		4358534C19083C7000C1A3A9 /* ELCAssetPickerFilterDelegate.h */ = {isa = PBXFileReference; fileEncoding = 4; lastKnownFileType = sourcecode.c.h; path = ELCAssetPickerFilterDelegate.h; sourceTree = "<group>"; };
		4358534D19083C7000C1A3A9 /* ELCAssetSelectionDelegate.h */ = {isa = PBXFileReference; fileEncoding = 4; lastKnownFileType = sourcecode.c.h; path = ELCAssetSelectionDelegate.h; sourceTree = "<group>"; };
		4358534E19083C7000C1A3A9 /* ELCAssetTablePicker.h */ = {isa = PBXFileReference; fileEncoding = 4; lastKnownFileType = sourcecode.c.h; path = ELCAssetTablePicker.h; sourceTree = "<group>"; };
		4358534F19083C7000C1A3A9 /* ELCAssetTablePicker.m */ = {isa = PBXFileReference; fileEncoding = 4; lastKnownFileType = sourcecode.c.objc; path = ELCAssetTablePicker.m; sourceTree = "<group>"; };
		4358535019083C7000C1A3A9 /* ELCImagePickerController.h */ = {isa = PBXFileReference; fileEncoding = 4; lastKnownFileType = sourcecode.c.h; path = ELCImagePickerController.h; sourceTree = "<group>"; };
		4358535119083C7000C1A3A9 /* ELCImagePickerController.m */ = {isa = PBXFileReference; fileEncoding = 4; lastKnownFileType = sourcecode.c.objc; path = ELCImagePickerController.m; sourceTree = "<group>"; };
		4358535319083C7000C1A3A9 /* ELCAlbumPickerController.xib */ = {isa = PBXFileReference; fileEncoding = 4; lastKnownFileType = file.xib; path = ELCAlbumPickerController.xib; sourceTree = "<group>"; };
		4358535419083C7000C1A3A9 /* ELCAssetPicker.xib */ = {isa = PBXFileReference; fileEncoding = 4; lastKnownFileType = file.xib; path = ELCAssetPicker.xib; sourceTree = "<group>"; };
		4358535519083C7000C1A3A9 /* ELCAssetTablePicker.xib */ = {isa = PBXFileReference; fileEncoding = 4; lastKnownFileType = file.xib; path = ELCAssetTablePicker.xib; sourceTree = "<group>"; };
		4358535619083C7000C1A3A9 /* Overlay.png */ = {isa = PBXFileReference; lastKnownFileType = image.png; path = Overlay.png; sourceTree = "<group>"; };
		4358535719083C7000C1A3A9 /* Overlay@2x.png */ = {isa = PBXFileReference; lastKnownFileType = image.png; path = "Overlay@2x.png"; sourceTree = "<group>"; };
		4358536219083D6900C1A3A9 /* README.md */ = {isa = PBXFileReference; fileEncoding = 4; lastKnownFileType = text; path = README.md; sourceTree = "<group>"; };
		436E8BAC1978693500B2F923 /* GAI.h */ = {isa = PBXFileReference; fileEncoding = 4; lastKnownFileType = sourcecode.c.h; name = GAI.h; path = ../../Development/GoogleAnalyticsServicesiOS_3.08/GoogleAnalytics/Library/GAI.h; sourceTree = "<group>"; };
		436E8BAD1978693500B2F923 /* GAIDictionaryBuilder.h */ = {isa = PBXFileReference; fileEncoding = 4; lastKnownFileType = sourcecode.c.h; name = GAIDictionaryBuilder.h; path = ../../Development/GoogleAnalyticsServicesiOS_3.08/GoogleAnalytics/Library/GAIDictionaryBuilder.h; sourceTree = "<group>"; };
		436E8BAE1978693500B2F923 /* GAIFields.h */ = {isa = PBXFileReference; fileEncoding = 4; lastKnownFileType = sourcecode.c.h; name = GAIFields.h; path = ../../Development/GoogleAnalyticsServicesiOS_3.08/GoogleAnalytics/Library/GAIFields.h; sourceTree = "<group>"; };
		436E8BAF1978693500B2F923 /* GAILogger.h */ = {isa = PBXFileReference; fileEncoding = 4; lastKnownFileType = sourcecode.c.h; name = GAILogger.h; path = ../../Development/GoogleAnalyticsServicesiOS_3.08/GoogleAnalytics/Library/GAILogger.h; sourceTree = "<group>"; };
		436E8BB01978693500B2F923 /* GAITrackedViewController.h */ = {isa = PBXFileReference; fileEncoding = 4; lastKnownFileType = sourcecode.c.h; name = GAITrackedViewController.h; path = ../../Development/GoogleAnalyticsServicesiOS_3.08/GoogleAnalytics/Library/GAITrackedViewController.h; sourceTree = "<group>"; };
		436E8BB11978693500B2F923 /* GAITracker.h */ = {isa = PBXFileReference; fileEncoding = 4; lastKnownFileType = sourcecode.c.h; name = GAITracker.h; path = ../../Development/GoogleAnalyticsServicesiOS_3.08/GoogleAnalytics/Library/GAITracker.h; sourceTree = "<group>"; };
		436E8BB21978694D00B2F923 /* libGoogleAnalyticsServices.a */ = {isa = PBXFileReference; lastKnownFileType = archive.ar; name = libGoogleAnalyticsServices.a; path = ../../Development/GoogleAnalyticsServicesiOS_3.08/libGoogleAnalyticsServices.a; sourceTree = "<group>"; };
		436E8BB41978699E00B2F923 /* AdSupport.framework */ = {isa = PBXFileReference; lastKnownFileType = wrapper.framework; name = AdSupport.framework; path = System/Library/Frameworks/AdSupport.framework; sourceTree = SDKROOT; };
		436E8BB6197869A900B2F923 /* CoreData.framework */ = {isa = PBXFileReference; lastKnownFileType = wrapper.framework; name = CoreData.framework; path = System/Library/Frameworks/CoreData.framework; sourceTree = SDKROOT; };
		436E8BB8197869B400B2F923 /* SystemConfiguration.framework */ = {isa = PBXFileReference; lastKnownFileType = wrapper.framework; name = SystemConfiguration.framework; path = System/Library/Frameworks/SystemConfiguration.framework; sourceTree = SDKROOT; };
		4370B7F21898D38F00907C5D /* Vagabound.app */ = {isa = PBXFileReference; explicitFileType = wrapper.application; includeInIndex = 0; path = Vagabound.app; sourceTree = BUILT_PRODUCTS_DIR; };
		4370B7F51898D38F00907C5D /* Foundation.framework */ = {isa = PBXFileReference; lastKnownFileType = wrapper.framework; name = Foundation.framework; path = System/Library/Frameworks/Foundation.framework; sourceTree = SDKROOT; };
		4370B7F71898D38F00907C5D /* CoreGraphics.framework */ = {isa = PBXFileReference; lastKnownFileType = wrapper.framework; name = CoreGraphics.framework; path = System/Library/Frameworks/CoreGraphics.framework; sourceTree = SDKROOT; };
		4370B7F91898D38F00907C5D /* UIKit.framework */ = {isa = PBXFileReference; lastKnownFileType = wrapper.framework; name = UIKit.framework; path = System/Library/Frameworks/UIKit.framework; sourceTree = SDKROOT; };
		4370B7FD1898D38F00907C5D /* Vagabound-Info.plist */ = {isa = PBXFileReference; lastKnownFileType = text.plist.xml; path = "Vagabound-Info.plist"; sourceTree = "<group>"; };
		4370B7FF1898D38F00907C5D /* en */ = {isa = PBXFileReference; lastKnownFileType = text.plist.strings; name = en; path = en.lproj/InfoPlist.strings; sourceTree = "<group>"; };
		4370B8011898D38F00907C5D /* main.m */ = {isa = PBXFileReference; lastKnownFileType = sourcecode.c.objc; path = main.m; sourceTree = "<group>"; };
		4370B8031898D38F00907C5D /* Vagabound-Prefix.pch */ = {isa = PBXFileReference; lastKnownFileType = sourcecode.c.h; path = "Vagabound-Prefix.pch"; sourceTree = "<group>"; };
		4370B8041898D38F00907C5D /* TripJournalAppDelegate.h */ = {isa = PBXFileReference; lastKnownFileType = sourcecode.c.h; path = TripJournalAppDelegate.h; sourceTree = "<group>"; };
		4370B8051898D38F00907C5D /* TripJournalAppDelegate.m */ = {isa = PBXFileReference; lastKnownFileType = sourcecode.c.objc; path = TripJournalAppDelegate.m; sourceTree = "<group>"; };
		4370B8081898D38F00907C5D /* Base */ = {isa = PBXFileReference; lastKnownFileType = file.storyboard; name = Base; path = Base.lproj/Main.storyboard; sourceTree = "<group>"; };
		4370B80D1898D38F00907C5D /* Images.xcassets */ = {isa = PBXFileReference; lastKnownFileType = folder.assetcatalog; path = Images.xcassets; sourceTree = "<group>"; };
		4370B8131898D38F00907C5D /* VagaboundTests.xctest */ = {isa = PBXFileReference; explicitFileType = wrapper.cfbundle; includeInIndex = 0; path = VagaboundTests.xctest; sourceTree = BUILT_PRODUCTS_DIR; };
		4370B8141898D38F00907C5D /* XCTest.framework */ = {isa = PBXFileReference; lastKnownFileType = wrapper.framework; name = XCTest.framework; path = Library/Frameworks/XCTest.framework; sourceTree = DEVELOPER_DIR; };
		4370B81C1898D38F00907C5D /* VagaboundTests-Info.plist */ = {isa = PBXFileReference; lastKnownFileType = text.plist.xml; path = "VagaboundTests-Info.plist"; sourceTree = "<group>"; };
		4370B81E1898D38F00907C5D /* en */ = {isa = PBXFileReference; lastKnownFileType = text.plist.strings; name = en; path = en.lproj/InfoPlist.strings; sourceTree = "<group>"; };
		4370B8201898D38F00907C5D /* TripJournalTests.m */ = {isa = PBXFileReference; lastKnownFileType = sourcecode.c.objc; path = TripJournalTests.m; sourceTree = "<group>"; };
		4376228D18C5597A002FD0D7 /* MobileCoreServices.framework */ = {isa = PBXFileReference; lastKnownFileType = wrapper.framework; name = MobileCoreServices.framework; path = System/Library/Frameworks/MobileCoreServices.framework; sourceTree = SDKROOT; };
		439EC68318B4906E00BC6EBA /* Trip.h */ = {isa = PBXFileReference; fileEncoding = 4; lastKnownFileType = sourcecode.c.h; path = Trip.h; sourceTree = "<group>"; };
		439EC68418B4906E00BC6EBA /* Trip.m */ = {isa = PBXFileReference; fileEncoding = 4; lastKnownFileType = sourcecode.c.objc; path = Trip.m; sourceTree = "<group>"; };
		439EC68618B4B36500BC6EBA /* Place.h */ = {isa = PBXFileReference; fileEncoding = 4; lastKnownFileType = sourcecode.c.h; path = Place.h; sourceTree = "<group>"; };
		439EC68718B4B36500BC6EBA /* Place.m */ = {isa = PBXFileReference; fileEncoding = 4; lastKnownFileType = sourcecode.c.objc; path = Place.m; sourceTree = "<group>"; };
		439EC68918B53F8900BC6EBA /* PlacesCollectionHeaderView.h */ = {isa = PBXFileReference; fileEncoding = 4; lastKnownFileType = sourcecode.c.h; path = PlacesCollectionHeaderView.h; sourceTree = "<group>"; };
		439EC68A18B53F8900BC6EBA /* PlacesCollectionHeaderView.m */ = {isa = PBXFileReference; fileEncoding = 4; lastKnownFileType = sourcecode.c.objc; path = PlacesCollectionHeaderView.m; sourceTree = "<group>"; };
		439EC68C18B541FF00BC6EBA /* Memory.h */ = {isa = PBXFileReference; fileEncoding = 4; lastKnownFileType = sourcecode.c.h; path = Memory.h; sourceTree = "<group>"; };
		439EC68D18B541FF00BC6EBA /* Memory.m */ = {isa = PBXFileReference; fileEncoding = 4; lastKnownFileType = sourcecode.c.objc; path = Memory.m; sourceTree = "<group>"; };
		439EC68F18B582E300BC6EBA /* MemoryViewController.h */ = {isa = PBXFileReference; fileEncoding = 4; lastKnownFileType = sourcecode.c.h; path = MemoryViewController.h; sourceTree = "<group>"; };
		439EC69018B582E300BC6EBA /* MemoryViewController.m */ = {isa = PBXFileReference; fileEncoding = 4; lastKnownFileType = sourcecode.c.objc; lineEnding = 0; path = MemoryViewController.m; sourceTree = "<group>"; xcLanguageSpecificationIdentifier = xcode.lang.objc; };
		43A0A224190243F20005CEB9 /* libz.dylib */ = {isa = PBXFileReference; lastKnownFileType = "compiled.mach-o.dylib"; name = libz.dylib; path = usr/lib/libz.dylib; sourceTree = SDKROOT; };
		43A413211902E1B900858100 /* QuickPlaceTableViewController.h */ = {isa = PBXFileReference; fileEncoding = 4; lastKnownFileType = sourcecode.c.h; path = QuickPlaceTableViewController.h; sourceTree = "<group>"; };
		43A413221902E1B900858100 /* QuickPlaceTableViewController.m */ = {isa = PBXFileReference; fileEncoding = 4; lastKnownFileType = sourcecode.c.objc; lineEnding = 0; path = QuickPlaceTableViewController.m; sourceTree = "<group>"; xcLanguageSpecificationIdentifier = xcode.lang.objc; };
		43A413241902E1CC00858100 /* QuickTripTableViewController.h */ = {isa = PBXFileReference; fileEncoding = 4; lastKnownFileType = sourcecode.c.h; path = QuickTripTableViewController.h; sourceTree = "<group>"; };
		43A413251902E1CC00858100 /* QuickTripTableViewController.m */ = {isa = PBXFileReference; fileEncoding = 4; lastKnownFileType = sourcecode.c.objc; lineEnding = 0; path = QuickTripTableViewController.m; sourceTree = "<group>"; xcLanguageSpecificationIdentifier = xcode.lang.objc; };
		43A52D201969B279000385F7 /* MessageUI.framework */ = {isa = PBXFileReference; lastKnownFileType = wrapper.framework; name = MessageUI.framework; path = System/Library/Frameworks/MessageUI.framework; sourceTree = SDKROOT; };
		43A9965B18C3B56E0083F327 /* libsqlite3.dylib */ = {isa = PBXFileReference; lastKnownFileType = "compiled.mach-o.dylib"; name = libsqlite3.dylib; path = usr/lib/libsqlite3.dylib; sourceTree = SDKROOT; };
		43A9965D18C3BFEA0083F327 /* TripsDatabase.h */ = {isa = PBXFileReference; fileEncoding = 4; lastKnownFileType = sourcecode.c.h; path = TripsDatabase.h; sourceTree = "<group>"; };
		43A9965E18C3BFEA0083F327 /* TripsDatabase.m */ = {isa = PBXFileReference; fileEncoding = 4; lastKnownFileType = sourcecode.c.objc; path = TripsDatabase.m; sourceTree = "<group>"; };
		43B2F015190C715100A874F3 /* QuickAddViewController.h */ = {isa = PBXFileReference; fileEncoding = 4; lastKnownFileType = sourcecode.c.h; path = QuickAddViewController.h; sourceTree = "<group>"; };
		43B2F016190C715100A874F3 /* QuickAddViewController.m */ = {isa = PBXFileReference; fileEncoding = 4; lastKnownFileType = sourcecode.c.objc; lineEnding = 0; path = QuickAddViewController.m; sourceTree = "<group>"; xcLanguageSpecificationIdentifier = xcode.lang.objc; };
		43C952AB1921EF1D002B3CB6 /* PageCoverViewController.h */ = {isa = PBXFileReference; fileEncoding = 4; lastKnownFileType = sourcecode.c.h; path = PageCoverViewController.h; sourceTree = "<group>"; };
		43C952AC1921EF1D002B3CB6 /* PageCoverViewController.m */ = {isa = PBXFileReference; fileEncoding = 4; lastKnownFileType = sourcecode.c.objc; lineEnding = 0; path = PageCoverViewController.m; sourceTree = "<group>"; xcLanguageSpecificationIdentifier = xcode.lang.objc; };
/* End PBXFileReference section */

/* Begin PBXFrameworksBuildPhase section */
		4370B7EF1898D38F00907C5D /* Frameworks */ = {
			isa = PBXFrameworksBuildPhase;
			buildActionMask = 2147483647;
			files = (
				436E8BB9197869B400B2F923 /* SystemConfiguration.framework in Frameworks */,
				436E8BB7197869A900B2F923 /* CoreData.framework in Frameworks */,
				436E8BB51978699E00B2F923 /* AdSupport.framework in Frameworks */,
				43A52D211969B279000385F7 /* MessageUI.framework in Frameworks */,
				43A0A225190243F20005CEB9 /* libz.dylib in Frameworks */,
				4326AA3218CA998E008ED1E2 /* AssetsLibrary.framework in Frameworks */,
				4376228E18C5597A002FD0D7 /* MobileCoreServices.framework in Frameworks */,
				43A9965C18C3B56E0083F327 /* libsqlite3.dylib in Frameworks */,
				433E4EBA18AB5ED4003FC9AA /* CoreLocation.framework in Frameworks */,
				433E4EB818AB5ECC003FC9AA /* MapKit.framework in Frameworks */,
				4370B7F81898D38F00907C5D /* CoreGraphics.framework in Frameworks */,
				4370B7FA1898D38F00907C5D /* UIKit.framework in Frameworks */,
				4370B7F61898D38F00907C5D /* Foundation.framework in Frameworks */,
				436E8BB31978694D00B2F923 /* libGoogleAnalyticsServices.a in Frameworks */,
			);
			runOnlyForDeploymentPostprocessing = 0;
		};
		4370B8101898D38F00907C5D /* Frameworks */ = {
			isa = PBXFrameworksBuildPhase;
			buildActionMask = 2147483647;
			files = (
				4370B8151898D38F00907C5D /* XCTest.framework in Frameworks */,
				4370B8171898D38F00907C5D /* UIKit.framework in Frameworks */,
				4370B8161898D38F00907C5D /* Foundation.framework in Frameworks */,
			);
			runOnlyForDeploymentPostprocessing = 0;
		};
/* End PBXFrameworksBuildPhase section */

/* Begin PBXGroup section */
		4358534519083C7000C1A3A9 /* ELCImagePicker */ = {
			isa = PBXGroup;
			children = (
				4358536219083D6900C1A3A9 /* README.md */,
				4358534619083C7000C1A3A9 /* ELCAlbumPickerController.h */,
				4358534719083C7000C1A3A9 /* ELCAlbumPickerController.m */,
				4358534819083C7000C1A3A9 /* ELCAsset.h */,
				4358534919083C7000C1A3A9 /* ELCAsset.m */,
				4358534A19083C7000C1A3A9 /* ELCAssetCell.h */,
				4358534B19083C7000C1A3A9 /* ELCAssetCell.m */,
				4358534C19083C7000C1A3A9 /* ELCAssetPickerFilterDelegate.h */,
				4358534D19083C7000C1A3A9 /* ELCAssetSelectionDelegate.h */,
				4358534E19083C7000C1A3A9 /* ELCAssetTablePicker.h */,
				4358534F19083C7000C1A3A9 /* ELCAssetTablePicker.m */,
				4358535019083C7000C1A3A9 /* ELCImagePickerController.h */,
				4358535119083C7000C1A3A9 /* ELCImagePickerController.m */,
				4358535219083C7000C1A3A9 /* Resources */,
			);
			path = ELCImagePicker;
			sourceTree = "<group>";
		};
		4358535219083C7000C1A3A9 /* Resources */ = {
			isa = PBXGroup;
			children = (
				4358535319083C7000C1A3A9 /* ELCAlbumPickerController.xib */,
				4358535419083C7000C1A3A9 /* ELCAssetPicker.xib */,
				4358535519083C7000C1A3A9 /* ELCAssetTablePicker.xib */,
				4358535619083C7000C1A3A9 /* Overlay.png */,
				4358535719083C7000C1A3A9 /* Overlay@2x.png */,
			);
			path = Resources;
			sourceTree = "<group>";
		};
		436E8BAB197868F700B2F923 /* Google Analytics */ = {
			isa = PBXGroup;
			children = (
				436E8BB21978694D00B2F923 /* libGoogleAnalyticsServices.a */,
				436E8BAC1978693500B2F923 /* GAI.h */,
				436E8BAD1978693500B2F923 /* GAIDictionaryBuilder.h */,
				436E8BAE1978693500B2F923 /* GAIFields.h */,
				436E8BAF1978693500B2F923 /* GAILogger.h */,
				436E8BB01978693500B2F923 /* GAITrackedViewController.h */,
				436E8BB11978693500B2F923 /* GAITracker.h */,
			);
			name = "Google Analytics";
			sourceTree = "<group>";
		};
		4370B7E91898D38F00907C5D = {
			isa = PBXGroup;
			children = (
				4370B7FB1898D38F00907C5D /* TripJournal */,
				4370B81A1898D38F00907C5D /* TripJournalTests */,
				4370B7F41898D38F00907C5D /* Frameworks */,
				4370B7F31898D38F00907C5D /* Products */,
			);
			sourceTree = "<group>";
		};
		4370B7F31898D38F00907C5D /* Products */ = {
			isa = PBXGroup;
			children = (
				4370B7F21898D38F00907C5D /* Vagabound.app */,
				4370B8131898D38F00907C5D /* VagaboundTests.xctest */,
			);
			name = Products;
			sourceTree = "<group>";
		};
		4370B7F41898D38F00907C5D /* Frameworks */ = {
			isa = PBXGroup;
			children = (
				436E8BB8197869B400B2F923 /* SystemConfiguration.framework */,
				436E8BB6197869A900B2F923 /* CoreData.framework */,
				436E8BB41978699E00B2F923 /* AdSupport.framework */,
				43A52D201969B279000385F7 /* MessageUI.framework */,
				43A0A224190243F20005CEB9 /* libz.dylib */,
				4326AA3118CA998E008ED1E2 /* AssetsLibrary.framework */,
				4376228D18C5597A002FD0D7 /* MobileCoreServices.framework */,
				43A9965B18C3B56E0083F327 /* libsqlite3.dylib */,
				433E4EB918AB5ED4003FC9AA /* CoreLocation.framework */,
				433E4EB718AB5ECC003FC9AA /* MapKit.framework */,
				4370B7F51898D38F00907C5D /* Foundation.framework */,
				4370B7F71898D38F00907C5D /* CoreGraphics.framework */,
				4370B7F91898D38F00907C5D /* UIKit.framework */,
				4370B8141898D38F00907C5D /* XCTest.framework */,
			);
			name = Frameworks;
			sourceTree = "<group>";
		};
		4370B7FB1898D38F00907C5D /* TripJournal */ = {
			isa = PBXGroup;
			children = (
				4370B8041898D38F00907C5D /* TripJournalAppDelegate.h */,
				4370B8051898D38F00907C5D /* TripJournalAppDelegate.m */,
				4370B8071898D38F00907C5D /* Main.storyboard */,
				4370B80D1898D38F00907C5D /* Images.xcassets */,
				4370B7FC1898D38F00907C5D /* Supporting Files */,
				433E4E8F18AB1D5C003FC9AA /* TripJournalCollectionViewController.h */,
				433E4E9018AB1D5C003FC9AA /* TripJournalCollectionViewController.m */,
				433E4EA818AB2668003FC9AA /* TripCollectionViewController.h */,
				433E4EA918AB2668003FC9AA /* TripCollectionViewController.m */,
				433E4EAB18AB34B1003FC9AA /* PlacesCollectionViewController.h */,
				433E4EAC18AB34B1003FC9AA /* PlacesCollectionViewController.m */,
				439EC68F18B582E300BC6EBA /* MemoryViewController.h */,
				439EC69018B582E300BC6EBA /* MemoryViewController.m */,
				4318AD6718D50D0500D513A5 /* SetLocationViewController.h */,
				4318AD6818D50D0500D513A5 /* SetLocationViewController.m */,
				43A413211902E1B900858100 /* QuickPlaceTableViewController.h */,
				43A413221902E1B900858100 /* QuickPlaceTableViewController.m */,
				43A413241902E1CC00858100 /* QuickTripTableViewController.h */,
				43A413251902E1CC00858100 /* QuickTripTableViewController.m */,
				43B2F015190C715100A874F3 /* QuickAddViewController.h */,
				43B2F016190C715100A874F3 /* QuickAddViewController.m */,
				43C952AB1921EF1D002B3CB6 /* PageCoverViewController.h */,
				43C952AC1921EF1D002B3CB6 /* PageCoverViewController.m */,
				434DBFDF1958C2AC001DCF00 /* FeedbackViewController.h */,
				434DBFE01958C2AC001DCF00 /* FeedbackViewController.m */,
				434DBFE2195E4117001DCF00 /* NewTripViewController.h */,
				434DBFE3195E4117001DCF00 /* NewTripViewController.m */,
				434DBFE5195E412F001DCF00 /* NewPlaceViewController.h */,
				434DBFE6195E412F001DCF00 /* NewPlaceViewController.m */,
			);
			path = TripJournal;
			sourceTree = "<group>";
		};
		4370B7FC1898D38F00907C5D /* Supporting Files */ = {
			isa = PBXGroup;
			children = (
				436E8BAB197868F700B2F923 /* Google Analytics */,
				4358534519083C7000C1A3A9 /* ELCImagePicker */,
				433E4EB118AB5D0C003FC9AA /* JournalCollectionHeaderView.h */,
				433E4EB218AB5D0C003FC9AA /* JournalCollectionHeaderView.m */,
				433E4EAE18AB5540003FC9AA /* TripCollectionHeaderView.h */,
				433E4EAF18AB5540003FC9AA /* TripCollectionHeaderView.m */,
				439EC68918B53F8900BC6EBA /* PlacesCollectionHeaderView.h */,
				439EC68A18B53F8900BC6EBA /* PlacesCollectionHeaderView.m */,
				4370B7FD1898D38F00907C5D /* Vagabound-Info.plist */,
				4370B7FE1898D38F00907C5D /* InfoPlist.strings */,
				4370B8011898D38F00907C5D /* main.m */,
				4370B8031898D38F00907C5D /* Vagabound-Prefix.pch */,
				433E4EB418AB5E97003FC9AA /* MyAnnotation.h */,
				433E4EB518AB5E97003FC9AA /* MyAnnotation.m */,
				439EC68318B4906E00BC6EBA /* Trip.h */,
				439EC68418B4906E00BC6EBA /* Trip.m */,
				439EC68618B4B36500BC6EBA /* Place.h */,
				439EC68718B4B36500BC6EBA /* Place.m */,
				439EC68C18B541FF00BC6EBA /* Memory.h */,
				439EC68D18B541FF00BC6EBA /* Memory.m */,
				43A9965D18C3BFEA0083F327 /* TripsDatabase.h */,
				43A9965E18C3BFEA0083F327 /* TripsDatabase.m */,
			);
			name = "Supporting Files";
			sourceTree = "<group>";
		};
		4370B81A1898D38F00907C5D /* TripJournalTests */ = {
			isa = PBXGroup;
			children = (
				4370B8201898D38F00907C5D /* TripJournalTests.m */,
				4370B81B1898D38F00907C5D /* Supporting Files */,
			);
			path = TripJournalTests;
			sourceTree = "<group>";
		};
		4370B81B1898D38F00907C5D /* Supporting Files */ = {
			isa = PBXGroup;
			children = (
				4370B81C1898D38F00907C5D /* VagaboundTests-Info.plist */,
				4370B81D1898D38F00907C5D /* InfoPlist.strings */,
			);
			name = "Supporting Files";
			sourceTree = "<group>";
		};
/* End PBXGroup section */

/* Begin PBXNativeTarget section */
		4370B7F11898D38F00907C5D /* Vagabound */ = {
			isa = PBXNativeTarget;
			buildConfigurationList = 4370B8241898D38F00907C5D /* Build configuration list for PBXNativeTarget "Vagabound" */;
			buildPhases = (
				4370B7EE1898D38F00907C5D /* Sources */,
				4370B7EF1898D38F00907C5D /* Frameworks */,
				4370B7F01898D38F00907C5D /* Resources */,
			);
			buildRules = (
			);
			dependencies = (
			);
			name = Vagabound;
			productName = TripJournal;
			productReference = 4370B7F21898D38F00907C5D /* Vagabound.app */;
			productType = "com.apple.product-type.application";
		};
		4370B8121898D38F00907C5D /* VagaboundTests */ = {
			isa = PBXNativeTarget;
			buildConfigurationList = 4370B8271898D38F00907C5D /* Build configuration list for PBXNativeTarget "VagaboundTests" */;
			buildPhases = (
				4370B80F1898D38F00907C5D /* Sources */,
				4370B8101898D38F00907C5D /* Frameworks */,
				4370B8111898D38F00907C5D /* Resources */,
			);
			buildRules = (
			);
			dependencies = (
				4370B8191898D38F00907C5D /* PBXTargetDependency */,
			);
			name = VagaboundTests;
			productName = TripJournalTests;
			productReference = 4370B8131898D38F00907C5D /* VagaboundTests.xctest */;
			productType = "com.apple.product-type.bundle.unit-test";
		};
/* End PBXNativeTarget section */

/* Begin PBXProject section */
		4370B7EA1898D38F00907C5D /* Project object */ = {
			isa = PBXProject;
			attributes = {
				CLASSPREFIX = TripJournal;
				LastUpgradeCheck = 0510;
				ORGANIZATIONNAME = "Nathan Condell";
				TargetAttributes = {
					4370B7F11898D38F00907C5D = {
						DevelopmentTeam = Z3X6HD4H5L;
						SystemCapabilities = {
							com.apple.BackgroundModes = {
								enabled = 0;
							};
						};
					};
					4370B8121898D38F00907C5D = {
						TestTargetID = 4370B7F11898D38F00907C5D;
					};
				};
			};
			buildConfigurationList = 4370B7ED1898D38F00907C5D /* Build configuration list for PBXProject "Vagabound" */;
			compatibilityVersion = "Xcode 3.2";
			developmentRegion = English;
			hasScannedForEncodings = 0;
			knownRegions = (
				en,
				Base,
			);
			mainGroup = 4370B7E91898D38F00907C5D;
			productRefGroup = 4370B7F31898D38F00907C5D /* Products */;
			projectDirPath = "";
			projectRoot = "";
			targets = (
				4370B7F11898D38F00907C5D /* Vagabound */,
				4370B8121898D38F00907C5D /* VagaboundTests */,
			);
		};
/* End PBXProject section */

/* Begin PBXResourcesBuildPhase section */
		4370B7F01898D38F00907C5D /* Resources */ = {
			isa = PBXResourcesBuildPhase;
			buildActionMask = 2147483647;
			files = (
				4358536019083C7000C1A3A9 /* Overlay.png in Resources */,
				4358535D19083C7000C1A3A9 /* ELCAlbumPickerController.xib in Resources */,
				4358536319083D6900C1A3A9 /* README.md in Resources */,
				4358536119083C7000C1A3A9 /* Overlay@2x.png in Resources */,
				4370B80E1898D38F00907C5D /* Images.xcassets in Resources */,
				4370B8001898D38F00907C5D /* InfoPlist.strings in Resources */,
				4358535E19083C7000C1A3A9 /* ELCAssetPicker.xib in Resources */,
				4358535F19083C7000C1A3A9 /* ELCAssetTablePicker.xib in Resources */,
				4370B8091898D38F00907C5D /* Main.storyboard in Resources */,
			);
			runOnlyForDeploymentPostprocessing = 0;
		};
		4370B8111898D38F00907C5D /* Resources */ = {
			isa = PBXResourcesBuildPhase;
			buildActionMask = 2147483647;
			files = (
				4370B81F1898D38F00907C5D /* InfoPlist.strings in Resources */,
			);
			runOnlyForDeploymentPostprocessing = 0;
		};
/* End PBXResourcesBuildPhase section */

/* Begin PBXSourcesBuildPhase section */
		4370B7EE1898D38F00907C5D /* Sources */ = {
			isa = PBXSourcesBuildPhase;
			buildActionMask = 2147483647;
			files = (
				43B2F017190C715100A874F3 /* QuickAddViewController.m in Sources */,
				433E4EAD18AB34B1003FC9AA /* PlacesCollectionViewController.m in Sources */,
				4370B8021898D38F00907C5D /* main.m in Sources */,
				433E4EB618AB5E97003FC9AA /* MyAnnotation.m in Sources */,
				433E4EB018AB5540003FC9AA /* TripCollectionHeaderView.m in Sources */,
				439EC68E18B541FF00BC6EBA /* Memory.m in Sources */,
				433E4EB318AB5D0C003FC9AA /* JournalCollectionHeaderView.m in Sources */,
				43C952AD1921EF1D002B3CB6 /* PageCoverViewController.m in Sources */,
				439EC68818B4B36500BC6EBA /* Place.m in Sources */,
				43A9965F18C3BFEA0083F327 /* TripsDatabase.m in Sources */,
				434DBFE4195E4117001DCF00 /* NewTripViewController.m in Sources */,
				433E4E9118AB1D5C003FC9AA /* TripJournalCollectionViewController.m in Sources */,
				4358535B19083C7000C1A3A9 /* ELCAssetTablePicker.m in Sources */,
				43A413231902E1B900858100 /* QuickPlaceTableViewController.m in Sources */,
				4370B8061898D38F00907C5D /* TripJournalAppDelegate.m in Sources */,
				43A413261902E1CC00858100 /* QuickTripTableViewController.m in Sources */,
				4358535919083C7000C1A3A9 /* ELCAsset.m in Sources */,
				4358535C19083C7000C1A3A9 /* ELCImagePickerController.m in Sources */,
				4358535A19083C7000C1A3A9 /* ELCAssetCell.m in Sources */,
				439EC69118B582E300BC6EBA /* MemoryViewController.m in Sources */,
				433E4EAA18AB2668003FC9AA /* TripCollectionViewController.m in Sources */,
				4358535819083C7000C1A3A9 /* ELCAlbumPickerController.m in Sources */,
				439EC68518B4906E00BC6EBA /* Trip.m in Sources */,
				434DBFE11958C2AC001DCF00 /* FeedbackViewController.m in Sources */,
				434DBFE7195E412F001DCF00 /* NewPlaceViewController.m in Sources */,
				439EC68B18B53F8900BC6EBA /* PlacesCollectionHeaderView.m in Sources */,
				4318AD6918D50D0500D513A5 /* SetLocationViewController.m in Sources */,
			);
			runOnlyForDeploymentPostprocessing = 0;
		};
		4370B80F1898D38F00907C5D /* Sources */ = {
			isa = PBXSourcesBuildPhase;
			buildActionMask = 2147483647;
			files = (
				4370B8211898D38F00907C5D /* TripJournalTests.m in Sources */,
			);
			runOnlyForDeploymentPostprocessing = 0;
		};
/* End PBXSourcesBuildPhase section */

/* Begin PBXTargetDependency section */
		4370B8191898D38F00907C5D /* PBXTargetDependency */ = {
			isa = PBXTargetDependency;
			target = 4370B7F11898D38F00907C5D /* Vagabound */;
			targetProxy = 4370B8181898D38F00907C5D /* PBXContainerItemProxy */;
		};
/* End PBXTargetDependency section */

/* Begin PBXVariantGroup section */
		4370B7FE1898D38F00907C5D /* InfoPlist.strings */ = {
			isa = PBXVariantGroup;
			children = (
				4370B7FF1898D38F00907C5D /* en */,
			);
			name = InfoPlist.strings;
			sourceTree = "<group>";
		};
		4370B8071898D38F00907C5D /* Main.storyboard */ = {
			isa = PBXVariantGroup;
			children = (
				4370B8081898D38F00907C5D /* Base */,
			);
			name = Main.storyboard;
			sourceTree = "<group>";
		};
		4370B81D1898D38F00907C5D /* InfoPlist.strings */ = {
			isa = PBXVariantGroup;
			children = (
				4370B81E1898D38F00907C5D /* en */,
			);
			name = InfoPlist.strings;
			sourceTree = "<group>";
		};
/* End PBXVariantGroup section */

/* Begin XCBuildConfiguration section */
		4370B8221898D38F00907C5D /* Debug */ = {
			isa = XCBuildConfiguration;
			buildSettings = {
				ALWAYS_SEARCH_USER_PATHS = NO;
				CLANG_CXX_LANGUAGE_STANDARD = "gnu++0x";
				CLANG_CXX_LIBRARY = "libc++";
				CLANG_ENABLE_MODULES = YES;
				CLANG_ENABLE_OBJC_ARC = YES;
				CLANG_WARN_BOOL_CONVERSION = YES;
				CLANG_WARN_CONSTANT_CONVERSION = YES;
				CLANG_WARN_DIRECT_OBJC_ISA_USAGE = YES_ERROR;
				CLANG_WARN_EMPTY_BODY = YES;
				CLANG_WARN_ENUM_CONVERSION = YES;
				CLANG_WARN_INT_CONVERSION = YES;
				CLANG_WARN_OBJC_ROOT_CLASS = YES_ERROR;
				CLANG_WARN__DUPLICATE_METHOD_MATCH = YES;
				"CODE_SIGN_IDENTITY[sdk=iphoneos*]" = "iPhone Developer";
				COPY_PHASE_STRIP = NO;
				GCC_C_LANGUAGE_STANDARD = gnu99;
				GCC_DYNAMIC_NO_PIC = NO;
				GCC_OPTIMIZATION_LEVEL = 0;
				GCC_PREPROCESSOR_DEFINITIONS = (
					"DEBUG=1",
					"$(inherited)",
				);
				GCC_SYMBOLS_PRIVATE_EXTERN = NO;
				GCC_WARN_64_TO_32_BIT_CONVERSION = YES;
				GCC_WARN_ABOUT_RETURN_TYPE = YES_ERROR;
				GCC_WARN_UNDECLARED_SELECTOR = YES;
				GCC_WARN_UNINITIALIZED_AUTOS = YES;
				GCC_WARN_UNUSED_FUNCTION = YES;
				GCC_WARN_UNUSED_VARIABLE = YES;
				IPHONEOS_DEPLOYMENT_TARGET = 7.0;
				ONLY_ACTIVE_ARCH = YES;
				SDKROOT = iphoneos;
			};
			name = Debug;
		};
		4370B8231898D38F00907C5D /* Release */ = {
			isa = XCBuildConfiguration;
			buildSettings = {
				ALWAYS_SEARCH_USER_PATHS = NO;
				CLANG_CXX_LANGUAGE_STANDARD = "gnu++0x";
				CLANG_CXX_LIBRARY = "libc++";
				CLANG_ENABLE_MODULES = YES;
				CLANG_ENABLE_OBJC_ARC = YES;
				CLANG_WARN_BOOL_CONVERSION = YES;
				CLANG_WARN_CONSTANT_CONVERSION = YES;
				CLANG_WARN_DIRECT_OBJC_ISA_USAGE = YES_ERROR;
				CLANG_WARN_EMPTY_BODY = YES;
				CLANG_WARN_ENUM_CONVERSION = YES;
				CLANG_WARN_INT_CONVERSION = YES;
				CLANG_WARN_OBJC_ROOT_CLASS = YES_ERROR;
				CLANG_WARN__DUPLICATE_METHOD_MATCH = YES;
				"CODE_SIGN_IDENTITY[sdk=iphoneos*]" = "iPhone Developer";
				COPY_PHASE_STRIP = YES;
				ENABLE_NS_ASSERTIONS = NO;
				GCC_C_LANGUAGE_STANDARD = gnu99;
				GCC_WARN_64_TO_32_BIT_CONVERSION = YES;
				GCC_WARN_ABOUT_RETURN_TYPE = YES_ERROR;
				GCC_WARN_UNDECLARED_SELECTOR = YES;
				GCC_WARN_UNINITIALIZED_AUTOS = YES;
				GCC_WARN_UNUSED_FUNCTION = YES;
				GCC_WARN_UNUSED_VARIABLE = YES;
				IPHONEOS_DEPLOYMENT_TARGET = 7.0;
				SDKROOT = iphoneos;
				VALIDATE_PRODUCT = YES;
			};
			name = Release;
		};
		4370B8251898D38F00907C5D /* Debug */ = {
			isa = XCBuildConfiguration;
			buildSettings = {
				ASSETCATALOG_COMPILER_APPICON_NAME = AppIcon;
				ASSETCATALOG_COMPILER_LAUNCHIMAGE_NAME = LaunchImage;
				CODE_SIGN_IDENTITY = "iPhone Developer: Nathan Condell (752656QTHP)";
				GCC_PRECOMPILE_PREFIX_HEADER = YES;
				GCC_PREFIX_HEADER = "TripJournal/Vagabound-Prefix.pch";
				INFOPLIST_FILE = "TripJournal/Vagabound-Info.plist";
				IPHONEOS_DEPLOYMENT_TARGET = 7.0;
				LIBRARY_SEARCH_PATHS = (
					"$(inherited)",
					"$(PROJECT_DIR)/TripJournal",
					/Users/Nate/Documents/Development/GoogleAnalyticsServicesiOS_3.08,
				);
				PRODUCT_NAME = Vagabound;
				PROVISIONING_PROFILE = "9A45E465-0041-47C0-A43E-17DB014E606F";
				WRAPPER_EXTENSION = app;
			};
			name = Debug;
		};
		4370B8261898D38F00907C5D /* Release */ = {
			isa = XCBuildConfiguration;
			buildSettings = {
				ASSETCATALOG_COMPILER_APPICON_NAME = AppIcon;
				ASSETCATALOG_COMPILER_LAUNCHIMAGE_NAME = LaunchImage;
				CODE_SIGN_IDENTITY = "iPhone Developer: Nathan Condell (752656QTHP)";
				GCC_PRECOMPILE_PREFIX_HEADER = YES;
				GCC_PREFIX_HEADER = "TripJournal/Vagabound-Prefix.pch";
				INFOPLIST_FILE = "TripJournal/Vagabound-Info.plist";
				IPHONEOS_DEPLOYMENT_TARGET = 7.0;
				LIBRARY_SEARCH_PATHS = (
					"$(inherited)",
					"$(PROJECT_DIR)/TripJournal",
					/Users/Nate/Documents/Development/GoogleAnalyticsServicesiOS_3.08,
				);
				PRODUCT_NAME = Vagabound;
				PROVISIONING_PROFILE = "9A45E465-0041-47C0-A43E-17DB014E606F";
				WRAPPER_EXTENSION = app;
			};
			name = Release;
		};
		4370B8281898D38F00907C5D /* Debug */ = {
			isa = XCBuildConfiguration;
			buildSettings = {
				BUNDLE_LOADER = "$(BUILT_PRODUCTS_DIR)/TripJournal.app/TripJournal";
				FRAMEWORK_SEARCH_PATHS = (
					"$(SDKROOT)/Developer/Library/Frameworks",
					"$(inherited)",
					"$(DEVELOPER_FRAMEWORKS_DIR)",
				);
				GCC_PRECOMPILE_PREFIX_HEADER = YES;
				GCC_PREFIX_HEADER = "TripJournal/TripJournal-Prefix.pch";
				GCC_PREPROCESSOR_DEFINITIONS = (
					"DEBUG=1",
					"$(inherited)",
				);
				INFOPLIST_FILE = "TripJournalTests/VagaboundTests-Info.plist";
				PRODUCT_NAME = VagaboundTests;
				TEST_HOST = "$(BUNDLE_LOADER)";
				WRAPPER_EXTENSION = xctest;
			};
			name = Debug;
		};
		4370B8291898D38F00907C5D /* Release */ = {
			isa = XCBuildConfiguration;
			buildSettings = {
				BUNDLE_LOADER = "$(BUILT_PRODUCTS_DIR)/TripJournal.app/TripJournal";
				FRAMEWORK_SEARCH_PATHS = (
					"$(SDKROOT)/Developer/Library/Frameworks",
					"$(inherited)",
					"$(DEVELOPER_FRAMEWORKS_DIR)",
				);
				GCC_PRECOMPILE_PREFIX_HEADER = YES;
				GCC_PREFIX_HEADER = "TripJournal/TripJournal-Prefix.pch";
				INFOPLIST_FILE = "TripJournalTests/VagaboundTests-Info.plist";
				PRODUCT_NAME = VagaboundTests;
				TEST_HOST = "$(BUNDLE_LOADER)";
				WRAPPER_EXTENSION = xctest;
			};
			name = Release;
		};
/* End XCBuildConfiguration section */

/* Begin XCConfigurationList section */
		4370B7ED1898D38F00907C5D /* Build configuration list for PBXProject "Vagabound" */ = {
			isa = XCConfigurationList;
			buildConfigurations = (
				4370B8221898D38F00907C5D /* Debug */,
				4370B8231898D38F00907C5D /* Release */,
			);
			defaultConfigurationIsVisible = 0;
			defaultConfigurationName = Release;
		};
		4370B8241898D38F00907C5D /* Build configuration list for PBXNativeTarget "Vagabound" */ = {
			isa = XCConfigurationList;
			buildConfigurations = (
				4370B8251898D38F00907C5D /* Debug */,
				4370B8261898D38F00907C5D /* Release */,
			);
			defaultConfigurationIsVisible = 0;
			defaultConfigurationName = Release;
		};
		4370B8271898D38F00907C5D /* Build configuration list for PBXNativeTarget "VagaboundTests" */ = {
			isa = XCConfigurationList;
			buildConfigurations = (
				4370B8281898D38F00907C5D /* Debug */,
				4370B8291898D38F00907C5D /* Release */,
			);
			defaultConfigurationIsVisible = 0;
			defaultConfigurationName = Release;
		};
/* End XCConfigurationList section */
	};
	rootObject = 4370B7EA1898D38F00907C5D /* Project object */;
}
